// !$*UTF8*$!
{
	archiveVersion = 1;
	classes = {
	};
	objectVersion = 46;
	objects = {

/* Begin PBXBuildFile section */
		927DADA11AB2E5B000FCD59C /* main.c in Sources */ = {isa = PBXBuildFile; fileRef = 927DADA01AB2E5B000FCD59C /* main.c */; };
/* End PBXBuildFile section */

/* Begin PBXCopyFilesBuildPhase section */
		927DAD9B1AB2E5B000FCD59C /* CopyFiles */ = {
			isa = PBXCopyFilesBuildPhase;
			buildActionMask = 2147483647;
			dstPath = /usr/share/man/man1/;
			dstSubfolderSpec = 0;
			files = (
			);
			runOnlyForDeploymentPostprocessing = 1;
		};
/* End PBXCopyFilesBuildPhase section */

/* Begin PBXFileReference section */
		927DAD9D1AB2E5B000FCD59C /* ch1-ex1.2 */ = {isa = PBXFileReference; explicitFileType = "compiled.mach-o.executable"; includeInIndex = 0; path = "ch1-ex1.2"; sourceTree = BUILT_PRODUCTS_DIR; };
		927DADA01AB2E5B000FCD59C /* main.c */ = {isa = PBXFileReference; lastKnownFileType = sourcecode.c.c; path = main.c; sourceTree = "<group>"; };
/* End PBXFileReference section */

/* Begin PBXFrameworksBuildPhase section */
		927DAD9A1AB2E5B000FCD59C /* Frameworks */ = {
			isa = PBXFrameworksBuildPhase;
			buildActionMask = 2147483647;
			files = (
			);
			runOnlyForDeploymentPostprocessing = 0;
		};
/* End PBXFrameworksBuildPhase section */

/* Begin PBXGroup section */
		927DAD941AB2E5B000FCD59C = {
			isa = PBXGroup;
			children = (
				927DAD9F1AB2E5B000FCD59C /* ch1-ex1.2 */,
				927DAD9E1AB2E5B000FCD59C /* Products */,
			);
			sourceTree = "<group>";
		};
		927DAD9E1AB2E5B000FCD59C /* Products */ = {
			isa = PBXGroup;
			children = (
				927DAD9D1AB2E5B000FCD59C /* ch1-ex1.2 */,
			);
			name = Products;
			sourceTree = "<group>";
		};
		927DAD9F1AB2E5B000FCD59C /* ch1-ex1.2 */ = {
			isa = PBXGroup;
			children = (
				927DADA01AB2E5B000FCD59C /* main.c */,
			);
			path = "ch1-ex1.2";
			sourceTree = "<group>";
		};
/* End PBXGroup section */

/* Begin PBXNativeTarget section */
		927DAD9C1AB2E5B000FCD59C /* ch1-ex1.2 */ = {
			isa = PBXNativeTarget;
			buildConfigurationList = 927DADA41AB2E5B000FCD59C /* Build configuration list for PBXNativeTarget "ch1-ex1.2" */;
			buildPhases = (
				927DAD991AB2E5B000FCD59C /* Sources */,
				927DAD9A1AB2E5B000FCD59C /* Frameworks */,
				927DAD9B1AB2E5B000FCD59C /* CopyFiles */,
			);
			buildRules = (
			);
			dependencies = (
			);
			name = "ch1-ex1.2";
			productName = "ch1-ex1.2";
			productReference = 927DAD9D1AB2E5B000FCD59C /* ch1-ex1.2 */;
			productType = "com.apple.product-type.tool";
		};
/* End PBXNativeTarget section */

/* Begin PBXProject section */
		927DAD951AB2E5B000FCD59C /* Project object */ = {
			isa = PBXProject;
			attributes = {
				LastUpgradeCheck = 0610;
				ORGANIZATIONNAME = "Leon Hughes";
				TargetAttributes = {
					927DAD9C1AB2E5B000FCD59C = {
						CreatedOnToolsVersion = 6.1.1;
					};
				};
			};
			buildConfigurationList = 927DAD981AB2E5B000FCD59C /* Build configuration list for PBXProject "ch1-ex1.2" */;
			compatibilityVersion = "Xcode 3.2";
			developmentRegion = English;
			hasScannedForEncodings = 0;
			knownRegions = (
				en,
			);
			mainGroup = 927DAD941AB2E5B000FCD59C;
			productRefGroup = 927DAD9E1AB2E5B000FCD59C /* Products */;
			projectDirPath = "";
			projectRoot = "";
			targets = (
				927DAD9C1AB2E5B000FCD59C /* ch1-ex1.2 */,
			);
		};
/* End PBXProject section */

/* Begin PBXSourcesBuildPhase section */
		927DAD991AB2E5B000FCD59C /* Sources */ = {
			isa = PBXSourcesBuildPhase;
			buildActionMask = 2147483647;
			files = (
				927DADA11AB2E5B000FCD59C /* main.c in Sources */,
			);
			runOnlyForDeploymentPostprocessing = 0;
		};
/* End PBXSourcesBuildPhase section */

/* Begin XCBuildConfiguration section */
		927DADA21AB2E5B000FCD59C /* Debug */ = {
			isa = XCBuildConfiguration;
			buildSettings = {
				ALWAYS_SEARCH_USER_PATHS = NO;
				CLANG_CXX_LANGUAGE_STANDARD = "gnu++0x";
				CLANG_CXX_LIBRARY = "libc++";
				CLANG_ENABLE_MODULES = YES;
				CLANG_ENABLE_OBJC_ARC = YES;
				CLANG_WARN_BOOL_CONVERSION = YES;
				CLANG_WARN_CONSTANT_CONVERSION = YES;
				CLANG_WARN_DIRECT_OBJC_ISA_USAGE = YES_ERROR;
				CLANG_WARN_EMPTY_BODY = YES;
				CLANG_WARN_ENUM_CONVERSION = YES;
				CLANG_WARN_INT_CONVERSION = YES;
				CLANG_WARN_OBJC_ROOT_CLASS = YES_ERROR;
				CLANG_WARN_UNREACHABLE_CODE = YES;
				CLANG_WARN__DUPLICATE_METHOD_MATCH = YES;
				COPY_PHASE_STRIP = NO;
				ENABLE_STRICT_OBJC_MSGSEND = YES;
				GCC_C_LANGUAGE_STANDARD = gnu99;
				GCC_DYNAMIC_NO_PIC = NO;
				GCC_OPTIMIZATION_LEVEL = 0;
				GCC_PREPROCESSOR_DEFINITIONS = (
					"DEBUG=1",
					"$(inherited)",
				);
				GCC_SYMBOLS_PRIVATE_EXTERN = NO;
				GCC_WARN_64_TO_32_BIT_CONVERSION = YES;
				GCC_WARN_ABOUT_RETURN_TYPE = YES_ERROR;
				GCC_WARN_UNDECLARED_SELECTOR = YES;
				GCC_WARN_UNINITIALIZED_AUTOS = YES_AGGRESSIVE;
				GCC_WARN_UNUSED_FUNCTION = YES;
				GCC_WARN_UNUSED_VARIABLE = YES;
				MACOSX_DEPLOYMENT_TARGET = 10.10;
				MTL_ENABLE_DEBUG_INFO = YES;
				ONLY_ACTIVE_ARCH = YES;
				SDKROOT = macosx;
			};
			name = Debug;
		};
		927DADA31AB2E5B000FCD59C /* Release */ = {
			isa = XCBuildConfiguration;
			buildSettings = {
				ALWAYS_SEARCH_USER_PATHS = NO;
				CLANG_CXX_LANGUAGE_STANDARD = "gnu++0x";
				CLANG_CXX_LIBRARY = "libc++";
				CLANG_ENABLE_MODULES = YES;
				CLANG_ENABLE_OBJC_ARC = YES;
				CLANG_WARN_BOOL_CONVERSION = YES;
				CLANG_WARN_CONSTANT_CONVERSION = YES;
				CLANG_WARN_DIRECT_OBJC_ISA_USAGE = YES_ERROR;
				CLANG_WARN_EMPTY_BODY = YES;
				CLANG_WARN_ENUM_CONVERSION = YES;
				CLANG_WARN_INT_CONVERSION = YES;
				CLANG_WARN_OBJC_ROOT_CLASS = YES_ERROR;
				CLANG_WARN_UNREACHABLE_CODE = YES;
				CLANG_WARN__DUPLICATE_METHOD_MATCH = YES;
				COPY_PHASE_STRIP = YES;
				DEBUG_INFORMATION_FORMAT = "dwarf-with-dsym";
				ENABLE_NS_ASSERTIONS = NO;
				ENABLE_STRICT_OBJC_MSGSEND = YES;
				GCC_C_LANGUAGE_STANDARD = gnu99;
				GCC_WARN_64_TO_32_BIT_CONVERSION = YES;
				GCC_WARN_ABOUT_RETURN_TYPE = YES_ERROR;
				GCC_WARN_UNDECLARED_SELECTOR = YES;
				GCC_WARN_UNINITIALIZED_AUTOS = YES_AGGRESSIVE;
				GCC_WARN_UNUSED_FUNCTION = YES;
				GCC_WARN_UNUSED_VARIABLE = YES;
				MACOSX_DEPLOYMENT_TARGET = 10.10;
				MTL_ENABLE_DEBUG_INFO = NO;
				SDKROOT = macosx;
			};
			name = Release;
		};
		927DADA51AB2E5B000FCD59C /* Debug */ = {
			isa = XCBuildConfiguration;
			buildSettings = {
				PRODUCT_NAME = "$(TARGET_NAME)";
			};
			name = Debug;
		};
		927DADA61AB2E5B000FCD59C /* Release */ = {
			isa = XCBuildConfiguration;
			buildSettings = {
				PRODUCT_NAME = "$(TARGET_NAME)";
			};
			name = Release;
		};
/* End XCBuildConfiguration section */

/* Begin XCConfigurationList section */
		927DAD981AB2E5B000FCD59C /* Build configuration list for PBXProject "ch1-ex1.2" */ = {
			isa = XCConfigurationList;
			buildConfigurations = (
				927DADA21AB2E5B000FCD59C /* Debug */,
				927DADA31AB2E5B000FCD59C /* Release */,
			);
			defaultConfigurationIsVisible = 0;
			defaultConfigurationName = Release;
		};
		927DADA41AB2E5B000FCD59C /* Build configuration list for PBXNativeTarget "ch1-ex1.2" */ = {
			isa = XCConfigurationList;
			buildConfigurations = (
				927DADA51AB2E5B000FCD59C /* Debug */,
				927DADA61AB2E5B000FCD59C /* Release */,
			);
			defaultConfigurationIsVisible = 0;
		};
/* End XCConfigurationList section */
	};
	rootObject = 927DAD951AB2E5B000FCD59C /* Project object */;
}
